// !$*UTF8*$!
{
	archiveVersion = 1;
	classes = {
	};
	objectVersion = 46;
	objects = {

/* Begin PBXBuildFile section */
		29D1C24C1DDC2E0900C0D7C9 /* ClientMainView.xib in Resources */ = {isa = PBXBuildFile; fileRef = 29D1C24B1DDC2E0900C0D7C9 /* ClientMainView.xib */; };
		29D1C2511DDC333E00C0D7C9 /* ClientMainView.swift in Sources */ = {isa = PBXBuildFile; fileRef = 29D1C2501DDC333E00C0D7C9 /* ClientMainView.swift */; };
		29EE6F561DD42A2300231D46 /* AppDelegate.swift in Sources */ = {isa = PBXBuildFile; fileRef = 29EE6F551DD42A2300231D46 /* AppDelegate.swift */; };
		29EE6F581DD42A2300231D46 /* MainViewController.swift in Sources */ = {isa = PBXBuildFile; fileRef = 29EE6F571DD42A2300231D46 /* MainViewController.swift */; };
		29EE6F5B1DD42A2300231D46 /* Main.storyboard in Resources */ = {isa = PBXBuildFile; fileRef = 29EE6F591DD42A2300231D46 /* Main.storyboard */; };
		29EE6F5D1DD42A2300231D46 /* Assets.xcassets in Resources */ = {isa = PBXBuildFile; fileRef = 29EE6F5C1DD42A2300231D46 /* Assets.xcassets */; };
		29EE6F601DD42A2300231D46 /* LaunchScreen.storyboard in Resources */ = {isa = PBXBuildFile; fileRef = 29EE6F5E1DD42A2300231D46 /* LaunchScreen.storyboard */; };
		BD6EF959B1762ADA5277737B /* Pods_BlueGlove.framework in Frameworks */ = {isa = PBXBuildFile; fileRef = 347A05ED53F7EA720D87492E /* Pods_BlueGlove.framework */; };
/* End PBXBuildFile section */

/* Begin PBXFileReference section */
		29D1C24B1DDC2E0900C0D7C9 /* ClientMainView.xib */ = {isa = PBXFileReference; fileEncoding = 4; lastKnownFileType = file.xib; path = ClientMainView.xib; sourceTree = "<group>"; };
		29D1C2501DDC333E00C0D7C9 /* ClientMainView.swift */ = {isa = PBXFileReference; fileEncoding = 4; lastKnownFileType = sourcecode.swift; path = ClientMainView.swift; sourceTree = "<group>"; };
		29EE6F521DD42A2300231D46 /* BlueGlove.app */ = {isa = PBXFileReference; explicitFileType = wrapper.application; includeInIndex = 0; path = BlueGlove.app; sourceTree = BUILT_PRODUCTS_DIR; };
		29EE6F551DD42A2300231D46 /* AppDelegate.swift */ = {isa = PBXFileReference; lastKnownFileType = sourcecode.swift; path = AppDelegate.swift; sourceTree = "<group>"; };
		29EE6F571DD42A2300231D46 /* MainViewController.swift */ = {isa = PBXFileReference; lastKnownFileType = sourcecode.swift; path = MainViewController.swift; sourceTree = "<group>"; };
		29EE6F5A1DD42A2300231D46 /* Base */ = {isa = PBXFileReference; lastKnownFileType = file.storyboard; name = Base; path = Base.lproj/Main.storyboard; sourceTree = "<group>"; };
		29EE6F5C1DD42A2300231D46 /* Assets.xcassets */ = {isa = PBXFileReference; lastKnownFileType = folder.assetcatalog; path = Assets.xcassets; sourceTree = "<group>"; };
		29EE6F5F1DD42A2300231D46 /* Base */ = {isa = PBXFileReference; lastKnownFileType = file.storyboard; name = Base; path = Base.lproj/LaunchScreen.storyboard; sourceTree = "<group>"; };
		29EE6F611DD42A2300231D46 /* Info.plist */ = {isa = PBXFileReference; lastKnownFileType = text.plist.xml; path = Info.plist; sourceTree = "<group>"; };
		347A05ED53F7EA720D87492E /* Pods_BlueGlove.framework */ = {isa = PBXFileReference; explicitFileType = wrapper.framework; includeInIndex = 0; path = Pods_BlueGlove.framework; sourceTree = BUILT_PRODUCTS_DIR; };
		96688AAC29D279AB368F43B4 /* Pods-BlueGlove.release.xcconfig */ = {isa = PBXFileReference; includeInIndex = 1; lastKnownFileType = text.xcconfig; name = "Pods-BlueGlove.release.xcconfig"; path = "Pods/Target Support Files/Pods-BlueGlove/Pods-BlueGlove.release.xcconfig"; sourceTree = "<group>"; };
		B1A046C27B576EC3CE707F1E /* Pods-BlueGlove.debug.xcconfig */ = {isa = PBXFileReference; includeInIndex = 1; lastKnownFileType = text.xcconfig; name = "Pods-BlueGlove.debug.xcconfig"; path = "Pods/Target Support Files/Pods-BlueGlove/Pods-BlueGlove.debug.xcconfig"; sourceTree = "<group>"; };
/* End PBXFileReference section */

/* Begin PBXFrameworksBuildPhase section */
		29EE6F4F1DD42A2300231D46 /* Frameworks */ = {
			isa = PBXFrameworksBuildPhase;
			buildActionMask = 2147483647;
			files = (
				BD6EF959B1762ADA5277737B /* Pods_BlueGlove.framework in Frameworks */,
			);
			runOnlyForDeploymentPostprocessing = 0;
		};
/* End PBXFrameworksBuildPhase section */

/* Begin PBXGroup section */
		29D1C24A1DDC229600C0D7C9 /* Controller */ = {
			isa = PBXGroup;
			children = (
				29EE6F571DD42A2300231D46 /* MainViewController.swift */,
			);
			name = Controller;
			sourceTree = "<group>";
		};
		29D1C24D1DDC2E0F00C0D7C9 /* View */ = {
			isa = PBXGroup;
			children = (
				29D1C24B1DDC2E0900C0D7C9 /* ClientMainView.xib */,
				29D1C2501DDC333E00C0D7C9 /* ClientMainView.swift */,
			);
			name = View;
			sourceTree = "<group>";
		};
		29EE6F491DD42A2300231D46 = {
			isa = PBXGroup;
			children = (
				29EE6F541DD42A2300231D46 /* BlueGlove */,
				29EE6F531DD42A2300231D46 /* Products */,
				FA624F274B22E01F52A56232 /* Pods */,
				8B65465541B2EBA9C2407EEF /* Frameworks */,
			);
			sourceTree = "<group>";
		};
		29EE6F531DD42A2300231D46 /* Products */ = {
			isa = PBXGroup;
			children = (
				29EE6F521DD42A2300231D46 /* BlueGlove.app */,
			);
			name = Products;
			sourceTree = "<group>";
		};
		29EE6F541DD42A2300231D46 /* BlueGlove */ = {
			isa = PBXGroup;
			children = (
				29D1C24D1DDC2E0F00C0D7C9 /* View */,
				29D1C24A1DDC229600C0D7C9 /* Controller */,
				29EE6F551DD42A2300231D46 /* AppDelegate.swift */,
				29EE6F591DD42A2300231D46 /* Main.storyboard */,
				29EE6F5C1DD42A2300231D46 /* Assets.xcassets */,
				29EE6F5E1DD42A2300231D46 /* LaunchScreen.storyboard */,
				29EE6F611DD42A2300231D46 /* Info.plist */,
			);
			path = BlueGlove;
			sourceTree = "<group>";
		};
		8B65465541B2EBA9C2407EEF /* Frameworks */ = {
			isa = PBXGroup;
			children = (
				347A05ED53F7EA720D87492E /* Pods_BlueGlove.framework */,
			);
			name = Frameworks;
			sourceTree = "<group>";
		};
		FA624F274B22E01F52A56232 /* Pods */ = {
			isa = PBXGroup;
			children = (
				B1A046C27B576EC3CE707F1E /* Pods-BlueGlove.debug.xcconfig */,
				96688AAC29D279AB368F43B4 /* Pods-BlueGlove.release.xcconfig */,
			);
			name = Pods;
			sourceTree = "<group>";
		};
/* End PBXGroup section */

/* Begin PBXNativeTarget section */
		29EE6F511DD42A2300231D46 /* BlueGlove */ = {
			isa = PBXNativeTarget;
			buildConfigurationList = 29EE6F641DD42A2300231D46 /* Build configuration list for PBXNativeTarget "BlueGlove" */;
			buildPhases = (
				946B7173F63AAC8A86D80BC3 /* [CP] Check Pods Manifest.lock */,
				29EE6F4E1DD42A2300231D46 /* Sources */,
				29EE6F4F1DD42A2300231D46 /* Frameworks */,
				29EE6F501DD42A2300231D46 /* Resources */,
				9849E04069A4304CCE1AA969 /* [CP] Embed Pods Frameworks */,
				032D652D7EC3993A283DE5EE /* [CP] Copy Pods Resources */,
			);
			buildRules = (
			);
			dependencies = (
			);
			name = BlueGlove;
			productName = BlueGlove;
			productReference = 29EE6F521DD42A2300231D46 /* BlueGlove.app */;
			productType = "com.apple.product-type.application";
		};
/* End PBXNativeTarget section */

/* Begin PBXProject section */
		29EE6F4A1DD42A2300231D46 /* Project object */ = {
			isa = PBXProject;
			attributes = {
				LastSwiftUpdateCheck = 0800;
				LastUpgradeCheck = 0800;
				ORGANIZATIONNAME = "Phillip Pang";
				TargetAttributes = {
					29EE6F511DD42A2300231D46 = {
						CreatedOnToolsVersion = 8.0;
						ProvisioningStyle = Automatic;
					};
				};
			};
			buildConfigurationList = 29EE6F4D1DD42A2300231D46 /* Build configuration list for PBXProject "BlueGlove" */;
			compatibilityVersion = "Xcode 3.2";
			developmentRegion = English;
			hasScannedForEncodings = 0;
			knownRegions = (
				en,
				Base,
			);
			mainGroup = 29EE6F491DD42A2300231D46;
			productRefGroup = 29EE6F531DD42A2300231D46 /* Products */;
			projectDirPath = "";
			projectRoot = "";
			targets = (
				29EE6F511DD42A2300231D46 /* BlueGlove */,
			);
		};
/* End PBXProject section */

/* Begin PBXResourcesBuildPhase section */
		29EE6F501DD42A2300231D46 /* Resources */ = {
			isa = PBXResourcesBuildPhase;
			buildActionMask = 2147483647;
			files = (
				29EE6F601DD42A2300231D46 /* LaunchScreen.storyboard in Resources */,
				29EE6F5D1DD42A2300231D46 /* Assets.xcassets in Resources */,
				29D1C24C1DDC2E0900C0D7C9 /* ClientMainView.xib in Resources */,
				29EE6F5B1DD42A2300231D46 /* Main.storyboard in Resources */,
			);
			runOnlyForDeploymentPostprocessing = 0;
		};
/* End PBXResourcesBuildPhase section */

/* Begin PBXShellScriptBuildPhase section */
		032D652D7EC3993A283DE5EE /* [CP] Copy Pods Resources */ = {
			isa = PBXShellScriptBuildPhase;
			buildActionMask = 2147483647;
			files = (
			);
			inputPaths = (
			);
			name = "[CP] Copy Pods Resources";
			outputPaths = (
			);
			runOnlyForDeploymentPostprocessing = 0;
			shellPath = /bin/sh;
			shellScript = "\"${SRCROOT}/Pods/Target Support Files/Pods-BlueGlove/Pods-BlueGlove-resources.sh\"\n";
			showEnvVarsInLog = 0;
		};
		946B7173F63AAC8A86D80BC3 /* [CP] Check Pods Manifest.lock */ = {
			isa = PBXShellScriptBuildPhase;
			buildActionMask = 2147483647;
			files = (
			);
			inputPaths = (
			);
			name = "[CP] Check Pods Manifest.lock";
			outputPaths = (
			);
			runOnlyForDeploymentPostprocessing = 0;
			shellPath = /bin/sh;
			shellScript = "diff \"${PODS_ROOT}/../Podfile.lock\" \"${PODS_ROOT}/Manifest.lock\" > /dev/null\nif [[ $? != 0 ]] ; then\n    cat << EOM\nerror: The sandbox is not in sync with the Podfile.lock. Run 'pod install' or update your CocoaPods installation.\nEOM\n    exit 1\nfi\n";
			showEnvVarsInLog = 0;
		};
		9849E04069A4304CCE1AA969 /* [CP] Embed Pods Frameworks */ = {
			isa = PBXShellScriptBuildPhase;
			buildActionMask = 2147483647;
			files = (
			);
			inputPaths = (
			);
			name = "[CP] Embed Pods Frameworks";
			outputPaths = (
			);
			runOnlyForDeploymentPostprocessing = 0;
			shellPath = /bin/sh;
			shellScript = "\"${SRCROOT}/Pods/Target Support Files/Pods-BlueGlove/Pods-BlueGlove-frameworks.sh\"\n";
			showEnvVarsInLog = 0;
		};
/* End PBXShellScriptBuildPhase section */

/* Begin PBXSourcesBuildPhase section */
		29EE6F4E1DD42A2300231D46 /* Sources */ = {
			isa = PBXSourcesBuildPhase;
			buildActionMask = 2147483647;
			files = (
				29EE6F581DD42A2300231D46 /* MainViewController.swift in Sources */,
				29D1C2511DDC333E00C0D7C9 /* ClientMainView.swift in Sources */,
				29EE6F561DD42A2300231D46 /* AppDelegate.swift in Sources */,
			);
			runOnlyForDeploymentPostprocessing = 0;
		};
/* End PBXSourcesBuildPhase section */

/* Begin PBXVariantGroup section */
		29EE6F591DD42A2300231D46 /* Main.storyboard */ = {
			isa = PBXVariantGroup;
			children = (
				29EE6F5A1DD42A2300231D46 /* Base */,
			);
			name = Main.storyboard;
			sourceTree = "<group>";
		};
		29EE6F5E1DD42A2300231D46 /* LaunchScreen.storyboard */ = {
			isa = PBXVariantGroup;
			children = (
				29EE6F5F1DD42A2300231D46 /* Base */,
			);
			name = LaunchScreen.storyboard;
			sourceTree = "<group>";
		};
/* End PBXVariantGroup section */

/* Begin XCBuildConfiguration section */
		29EE6F621DD42A2300231D46 /* Debug */ = {
			isa = XCBuildConfiguration;
			buildSettings = {
				ALWAYS_SEARCH_USER_PATHS = NO;
				CLANG_ANALYZER_NONNULL = YES;
				CLANG_CXX_LANGUAGE_STANDARD = "gnu++0x";
				CLANG_CXX_LIBRARY = "libc++";
				CLANG_ENABLE_MODULES = YES;
				CLANG_ENABLE_OBJC_ARC = YES;
				CLANG_WARN_BOOL_CONVERSION = YES;
				CLANG_WARN_CONSTANT_CONVERSION = YES;
				CLANG_WARN_DIRECT_OBJC_ISA_USAGE = YES_ERROR;
				CLANG_WARN_DOCUMENTATION_COMMENTS = YES;
				CLANG_WARN_EMPTY_BODY = YES;
				CLANG_WARN_ENUM_CONVERSION = YES;
				CLANG_WARN_INFINITE_RECURSION = YES;
				CLANG_WARN_INT_CONVERSION = YES;
				CLANG_WARN_OBJC_ROOT_CLASS = YES_ERROR;
				CLANG_WARN_SUSPICIOUS_MOVES = YES;
				CLANG_WARN_UNREACHABLE_CODE = YES;
				CLANG_WARN__DUPLICATE_METHOD_MATCH = YES;
				"CODE_SIGN_IDENTITY[sdk=iphoneos*]" = "iPhone Developer";
				COPY_PHASE_STRIP = NO;
				DEBUG_INFORMATION_FORMAT = dwarf;
				ENABLE_STRICT_OBJC_MSGSEND = YES;
				ENABLE_TESTABILITY = YES;
				GCC_C_LANGUAGE_STANDARD = gnu99;
				GCC_DYNAMIC_NO_PIC = NO;
				GCC_NO_COMMON_BLOCKS = YES;
				GCC_OPTIMIZATION_LEVEL = 0;
				GCC_PREPROCESSOR_DEFINITIONS = (
					"DEBUG=1",
					"$(inherited)",
				);
				GCC_WARN_64_TO_32_BIT_CONVERSION = YES;
				GCC_WARN_ABOUT_RETURN_TYPE = YES_ERROR;
				GCC_WARN_UNDECLARED_SELECTOR = YES;
				GCC_WARN_UNINITIALIZED_AUTOS = YES_AGGRESSIVE;
				GCC_WARN_UNUSED_FUNCTION = YES;
				GCC_WARN_UNUSED_VARIABLE = YES;
				IPHONEOS_DEPLOYMENT_TARGET = 10.0;
				MTL_ENABLE_DEBUG_INFO = YES;
				ONLY_ACTIVE_ARCH = YES;
				SDKROOT = iphoneos;
				SWIFT_ACTIVE_COMPILATION_CONDITIONS = DEBUG;
				SWIFT_OPTIMIZATION_LEVEL = "-Onone";
			};
			name = Debug;
		};
		29EE6F631DD42A2300231D46 /* Release */ = {
			isa = XCBuildConfiguration;
			buildSettings = {
				ALWAYS_SEARCH_USER_PATHS = NO;
				CLANG_ANALYZER_NONNULL = YES;
				CLANG_CXX_LANGUAGE_STANDARD = "gnu++0x";
				CLANG_CXX_LIBRARY = "libc++";
				CLANG_ENABLE_MODULES = YES;
				CLANG_ENABLE_OBJC_ARC = YES;
				CLANG_WARN_BOOL_CONVERSION = YES;
				CLANG_WARN_CONSTANT_CONVERSION = YES;
				CLANG_WARN_DIRECT_OBJC_ISA_USAGE = YES_ERROR;
				CLANG_WARN_DOCUMENTATION_COMMENTS = YES;
				CLANG_WARN_EMPTY_BODY = YES;
				CLANG_WARN_ENUM_CONVERSION = YES;
				CLANG_WARN_INFINITE_RECURSION = YES;
				CLANG_WARN_INT_CONVERSION = YES;
				CLANG_WARN_OBJC_ROOT_CLASS = YES_ERROR;
				CLANG_WARN_SUSPICIOUS_MOVES = YES;
				CLANG_WARN_UNREACHABLE_CODE = YES;
				CLANG_WARN__DUPLICATE_METHOD_MATCH = YES;
				"CODE_SIGN_IDENTITY[sdk=iphoneos*]" = "iPhone Developer";
				COPY_PHASE_STRIP = NO;
				DEBUG_INFORMATION_FORMAT = "dwarf-with-dsym";
				ENABLE_NS_ASSERTIONS = NO;
				ENABLE_STRICT_OBJC_MSGSEND = YES;
				GCC_C_LANGUAGE_STANDARD = gnu99;
				GCC_NO_COMMON_BLOCKS = YES;
				GCC_WARN_64_TO_32_BIT_CONVERSION = YES;
				GCC_WARN_ABOUT_RETURN_TYPE = YES_ERROR;
				GCC_WARN_UNDECLARED_SELECTOR = YES;
				GCC_WARN_UNINITIALIZED_AUTOS = YES_AGGRESSIVE;
				GCC_WARN_UNUSED_FUNCTION = YES;
				GCC_WARN_UNUSED_VARIABLE = YES;
				IPHONEOS_DEPLOYMENT_TARGET = 10.0;
				MTL_ENABLE_DEBUG_INFO = NO;
				SDKROOT = iphoneos;
				SWIFT_OPTIMIZATION_LEVEL = "-Owholemodule";
				VALIDATE_PRODUCT = YES;
			};
			name = Release;
		};
		29EE6F651DD42A2300231D46 /* Debug */ = {
			isa = XCBuildConfiguration;
			baseConfigurationReference = B1A046C27B576EC3CE707F1E /* Pods-BlueGlove.debug.xcconfig */;
			buildSettings = {
				ASSETCATALOG_COMPILER_APPICON_NAME = AppIcon;
				INFOPLIST_FILE = BlueGlove/Info.plist;
				LD_RUNPATH_SEARCH_PATHS = "$(inherited) @executable_path/Frameworks";
				PRODUCT_BUNDLE_IDENTIFIER = com.codepath.BlueGlove;
				PRODUCT_NAME = "$(TARGET_NAME)";
				SWIFT_VERSION = 3.0;
			};
			name = Debug;
		};
		29EE6F661DD42A2300231D46 /* Release */ = {
			isa = XCBuildConfiguration;
			baseConfigurationReference = 96688AAC29D279AB368F43B4 /* Pods-BlueGlove.release.xcconfig */;
			buildSettings = {
				ASSETCATALOG_COMPILER_APPICON_NAME = AppIcon;
				INFOPLIST_FILE = BlueGlove/Info.plist;
				LD_RUNPATH_SEARCH_PATHS = "$(inherited) @executable_path/Frameworks";
				PRODUCT_BUNDLE_IDENTIFIER = com.codepath.BlueGlove;
				PRODUCT_NAME = "$(TARGET_NAME)";
				SWIFT_VERSION = 3.0;
			};
			name = Release;
		};
/* End XCBuildConfiguration section */

/* Begin XCConfigurationList section */
		29EE6F4D1DD42A2300231D46 /* Build configuration list for PBXProject "BlueGlove" */ = {
			isa = XCConfigurationList;
			buildConfigurations = (
				29EE6F621DD42A2300231D46 /* Debug */,
				29EE6F631DD42A2300231D46 /* Release */,
			);
			defaultConfigurationIsVisible = 0;
			defaultConfigurationName = Release;
		};
		29EE6F641DD42A2300231D46 /* Build configuration list for PBXNativeTarget "BlueGlove" */ = {
			isa = XCConfigurationList;
			buildConfigurations = (
				29EE6F651DD42A2300231D46 /* Debug */,
				29EE6F661DD42A2300231D46 /* Release */,
			);
			defaultConfigurationIsVisible = 0;
			defaultConfigurationName = Release;
		};
/* End XCConfigurationList section */
	};
	rootObject = 29EE6F4A1DD42A2300231D46 /* Project object */;
}
